
Microsoft Visual Studio Solution File, Format Version 12.00
# Visual Studio Version 16
VisualStudioVersion = 16.0.29326.143
MinimumVisualStudioVersion = 10.0.40219.1
Project("{2150E333-8FDC-42A3-9474-1A3956D46DE8}") = "Feature", "Feature", "{EFC87F22-F357-4275-B822-D85A4B54B1B6}"
EndProject
Project("{2150E333-8FDC-42A3-9474-1A3956D46DE8}") = "Foundation", "Foundation", "{BC3EEEAF-37A7-4CD4-BFAE-B9C6B0FB71A7}"
EndProject
Project("{2150E333-8FDC-42A3-9474-1A3956D46DE8}") = "Project", "Project", "{03A29231-AA21-4D11-B620-E13A39976ADB}"
EndProject
Project("{FAE04EC0-301F-11D3-BF4B-00C04F79EFBC}") = "Foundation.Serialization", "Foundation.Serialization\Foundation.Serialization.csproj", "{9072D862-8B4B-44BA-A056-1EF8B454F498}"
EndProject
Project("{FAE04EC0-301F-11D3-BF4B-00C04F79EFBC}") = "Project.Global", "Project.Global\Project.Global.csproj", "{D7CE7897-3320-42DD-958E-94A1ADC5A0F3}"
EndProject
Project("{FAE04EC0-301F-11D3-BF4B-00C04F79EFBC}") = "Feature.Sample", "Feature.Sample\Feature.Sample.csproj", "{9C6E5DE2-403E-452A-B5DB-B82293EE9049}"
EndProject
Global
	GlobalSection(SolutionConfigurationPlatforms) = preSolution
		Debug|Any CPU = Debug|Any CPU
		Release|Any CPU = Release|Any CPU
	EndGlobalSection
	GlobalSection(ProjectConfigurationPlatforms) = postSolution
		{9072D862-8B4B-44BA-A056-1EF8B454F498}.Debug|Any CPU.ActiveCfg = Debug|Any CPU
		{9072D862-8B4B-44BA-A056-1EF8B454F498}.Debug|Any CPU.Build.0 = Debug|Any CPU
		{9072D862-8B4B-44BA-A056-1EF8B454F498}.Release|Any CPU.ActiveCfg = Release|Any CPU
		{9072D862-8B4B-44BA-A056-1EF8B454F498}.Release|Any CPU.Build.0 = Release|Any CPU
		{D7CE7897-3320-42DD-958E-94A1ADC5A0F3}.Debug|Any CPU.ActiveCfg = Debug|Any CPU
		{D7CE7897-3320-42DD-958E-94A1ADC5A0F3}.Debug|Any CPU.Build.0 = Debug|Any CPU
		{D7CE7897-3320-42DD-958E-94A1ADC5A0F3}.Release|Any CPU.ActiveCfg = Release|Any CPU
		{D7CE7897-3320-42DD-958E-94A1ADC5A0F3}.Release|Any CPU.Build.0 = Release|Any CPU
		{9C6E5DE2-403E-452A-B5DB-B82293EE9049}.Debug|Any CPU.ActiveCfg = Debug|Any CPU
		{9C6E5DE2-403E-452A-B5DB-B82293EE9049}.Debug|Any CPU.Build.0 = Debug|Any CPU
		{9C6E5DE2-403E-452A-B5DB-B82293EE9049}.Release|Any CPU.ActiveCfg = Release|Any CPU
		{9C6E5DE2-403E-452A-B5DB-B82293EE9049}.Release|Any CPU.Build.0 = Release|Any CPU
	EndGlobalSection
	GlobalSection(SolutionProperties) = preSolution
		HideSolutionNode = FALSE
	EndGlobalSection
	GlobalSection(NestedProjects) = preSolution
		{9072D862-8B4B-44BA-A056-1EF8B454F498} = {BC3EEEAF-37A7-4CD4-BFAE-B9C6B0FB71A7}
		{D7CE7897-3320-42DD-958E-94A1ADC5A0F3} = {03A29231-AA21-4D11-B620-E13A39976ADB}
		{9C6E5DE2-403E-452A-B5DB-B82293EE9049} = {EFC87F22-F357-4275-B822-D85A4B54B1B6}
	EndGlobalSection
	GlobalSection(ExtensibilityGlobals) = postSolution
		SolutionGuid = {C17CD9CA-B46A-4429-A717-A76856E86922}
	EndGlobalSection
EndGlobal
